
Microsoft Visual Studio Solution File, Format Version 12.00
# Visual Studio Version 16
VisualStudioVersion = 16.0.30711.63
MinimumVisualStudioVersion = 10.0.40219.1
Project("{8BC9CEB8-8B4A-11D0-8D11-00A0C91BC942}") = "Server", "server.exe.vcxproj", "{82A1B9FC-FE9F-4BDB-B0B7-0F6DE1EED416}"
EndProject
Project("{8BC9CEB8-8B4A-11D0-8D11-00A0C91BC942}") = "Client", "..\Client\Client.vcxproj", "{37E483AC-E130-44E6-9419-141CFF071A94}"
EndProject
Global
	GlobalSection(SolutionConfigurationPlatforms) = preSolution
		Debug|x64 = Debug|x64
		Debug|x86 = Debug|x86
		Release|x64 = Release|x64
		Release|x86 = Release|x86
	EndGlobalSection
	GlobalSection(ProjectConfigurationPlatforms) = postSolution
		{82A1B9FC-FE9F-4BDB-B0B7-0F6DE1EED416}.Debug|x64.ActiveCfg = Debug|x64
		{82A1B9FC-FE9F-4BDB-B0B7-0F6DE1EED416}.Debug|x64.Build.0 = Debug|x64
		{82A1B9FC-FE9F-4BDB-B0B7-0F6DE1EED416}.Debug|x86.ActiveCfg = Debug|Win32
		{82A1B9FC-FE9F-4BDB-B0B7-0F6DE1EED416}.Debug|x86.Build.0 = Debug|Win32
		{82A1B9FC-FE9F-4BDB-B0B7-0F6DE1EED416}.Release|x64.ActiveCfg = Release|x64
		{82A1B9FC-FE9F-4BDB-B0B7-0F6DE1EED416}.Release|x64.Build.0 = Release|x64
		{82A1B9FC-FE9F-4BDB-B0B7-0F6DE1EED416}.Release|x86.ActiveCfg = Release|Win32
		{82A1B9FC-FE9F-4BDB-B0B7-0F6DE1EED416}.Release|x86.Build.0 = Release|Win32
		{37E483AC-E130-44E6-9419-141CFF071A94}.Debug|x64.ActiveCfg = Debug|x64
		{37E483AC-E130-44E6-9419-141CFF071A94}.Debug|x64.Build.0 = Debug|x64
		{37E483AC-E130-44E6-9419-141CFF071A94}.Debug|x86.ActiveCfg = Debug|Win32
		{37E483AC-E130-44E6-9419-141CFF071A94}.Debug|x86.Build.0 = Debug|Win32
		{37E483AC-E130-44E6-9419-141CFF071A94}.Release|x64.ActiveCfg = Release|x64
		{37E483AC-E130-44E6-9419-141CFF071A94}.Release|x64.Build.0 = Release|x64
		{37E483AC-E130-44E6-9419-141CFF071A94}.Release|x86.ActiveCfg = Release|Win32
		{37E483AC-E130-44E6-9419-141CFF071A94}.Release|x86.Build.0 = Release|Win32
	EndGlobalSection
	GlobalSection(SolutionProperties) = preSolution
		HideSolutionNode = FALSE
	EndGlobalSection
	GlobalSection(ExtensibilityGlobals) = postSolution
		SolutionGuid = {368DEBF4-F983-41B2-8FB7-02F9BB59A02F}
	EndGlobalSection
EndGlobal
